
Microsoft Visual Studio Solution File, Format Version 12.00
# Visual Studio 15
VisualStudioVersion = 15.0.27428.2037
MinimumVisualStudioVersion = 10.0.40219.1
Project("{FAE04EC0-301F-11D3-BF4B-00C04F79EFBC}") = "ConsoleUI", "ConsoleUI\ConsoleUI.csproj", "{FE1FDAF7-D391-4B16-98C3-C3B758C818A4}"
EndProject
Global
	GlobalSection(SolutionConfigurationPlatforms) = preSolution
		Debug|Any CPU = Debug|Any CPU
		Release|Any CPU = Release|Any CPU
	EndGlobalSection
	GlobalSection(ProjectConfigurationPlatforms) = postSolution
		{FE1FDAF7-D391-4B16-98C3-C3B758C818A4}.Debug|Any CPU.ActiveCfg = Debug|Any CPU
		{FE1FDAF7-D391-4B16-98C3-C3B758C818A4}.Debug|Any CPU.Build.0 = Debug|Any CPU
		{FE1FDAF7-D391-4B16-98C3-C3B758C818A4}.Release|Any CPU.ActiveCfg = Release|Any CPU
		{FE1FDAF7-D391-4B16-98C3-C3B758C818A4}.Release|Any CPU.Build.0 = Release|Any CPU
	EndGlobalSection
	GlobalSection(SolutionProperties) = preSolution
		HideSolutionNode = FALSE
	EndGlobalSection
	GlobalSection(ExtensibilityGlobals) = postSolution
		SolutionGuid = {B3859F06-8FAB-4E3F-A104-4B276CC2A33A}
	EndGlobalSection
EndGlobal
